Microsoft Visual Studio Solution File, Format Version 12.00
# Visual Studio Version 17
Project("{9A19103F-16F7-4668-BE54-9A1E7A4F7556}") = "NextNotes.Dictionary", "src\NextNotes.Dictionary\NextNotes.Dictionary.csproj", "{A1000000-0000-0000-0000-000000000001}"
EndProject
Project("{9A19103F-16F7-4668-BE54-9A1E7A4F7556}") = "NextNotes.Dictionary.Tests", "tests\NextNotes.Dictionary.Tests\NextNotes.Dictionary.Tests.csproj", "{A1000000-0000-0000-0000-000000000002}"
EndProject
Project("{9A19103F-16F7-4668-BE54-9A1E7A4F7556}") = "NextNotes.Abstractions", "src\NextNotes.Abstractions\NextNotes.Abstractions.csproj", "{A1000000-0000-0000-0000-000000000003}"
EndProject
Project("{9A19103F-16F7-4668-BE54-9A1E7A4F7556}") = "NextNotes.Core", "src\NextNotes.Core\NextNotes.Core.csproj", "{A1000000-0000-0000-0000-000000000004}"
EndProject
Project("{9A19103F-16F7-4668-BE54-9A1E7A4F7556}") = "NextNotes.Testing", "src\NextNotes.Testing\NextNotes.Testing.csproj", "{A1000000-0000-0000-0000-000000000005}"
EndProject
Project("{9A19103F-16F7-4668-BE54-9A1E7A4F7556}") = "NextNotes.Core.Tests", "tests\NextNotes.Core.Tests\NextNotes.Core.Tests.csproj", "{A1000000-0000-0000-0000-000000000006}"
EndProject
Project("{9A19103F-16F7-4668-BE54-9A1E7A4F7556}") = "NextNotes.Platform.Windows", "src\NextNotes.Platform.Windows\NextNotes.Platform.Windows.csproj", "{A1000000-0000-0000-0000-000000000007}"
EndProject
Project("{9A19103F-16F7-4668-BE54-9A1E7A4F7556}") = "NextNotes.Speech", "src\NextNotes.Speech\NextNotes.Speech.csproj", "{A1000000-0000-0000-0000-000000000008}"
EndProject
Project("{9A19103F-16F7-4668-BE54-9A1E7A4F7556}") = "NextNotes.App", "src\NextNotes.App\NextNotes.App.csproj", "{A1000000-0000-0000-0000-000000000009}"
EndProject
Project("{9A19103F-16F7-4668-BE54-9A1E7A4F7556}") = "NextNotes.App.Tests", "tests\NextNotes.App.Tests\NextNotes.App.Tests.csproj", "{A1000000-0000-0000-0000-00000000000A}"
EndProject
Global
	GlobalSection(SolutionConfigurationPlatforms) = preSolution
		Debug|Any CPU = Debug|Any CPU
		Release|Any CPU = Release|Any CPU
	EndGlobalSection
	GlobalSection(ProjectConfigurationPlatforms) = postSolution
		{A1000000-0000-0000-0000-000000000001}.Debug|Any CPU.ActiveCfg = Debug|Any CPU
		{A1000000-0000-0000-0000-000000000001}.Debug|Any CPU.Build.0 = Debug|Any CPU
		{A1000000-0000-0000-0000-000000000001}.Release|Any CPU.ActiveCfg = Release|Any CPU
		{A1000000-0000-0000-0000-000000000001}.Release|Any CPU.Build.0 = Release|Any CPU
		{A1000000-0000-0000-0000-000000000002}.Debug|Any CPU.ActiveCfg = Debug|Any CPU
		{A1000000-0000-0000-0000-000000000002}.Debug|Any CPU.Build.0 = Debug|Any CPU
		{A1000000-0000-0000-0000-000000000002}.Release|Any CPU.ActiveCfg = Release|Any CPU
		{A1000000-0000-0000-0000-000000000002}.Release|Any CPU.Build.0 = Release|Any CPU
		{A1000000-0000-0000-0000-000000000003}.Debug|Any CPU.ActiveCfg = Debug|Any CPU
		{A1000000-0000-0000-0000-000000000003}.Debug|Any CPU.Build.0 = Debug|Any CPU
		{A1000000-0000-0000-0000-000000000003}.Release|Any CPU.ActiveCfg = Release|Any CPU
		{A1000000-0000-0000-0000-000000000003}.Release|Any CPU.Build.0 = Release|Any CPU
		{A1000000-0000-0000-0000-000000000004}.Debug|Any CPU.ActiveCfg = Debug|Any CPU
		{A1000000-0000-0000-0000-000000000004}.Debug|Any CPU.Build.0 = Debug|Any CPU
		{A1000000-0000-0000-0000-000000000004}.Release|Any CPU.ActiveCfg = Release|Any CPU
		{A1000000-0000-0000-0000-000000000004}.Release|Any CPU.Build.0 = Release|Any CPU
		{A1000000-0000-0000-0000-000000000005}.Debug|Any CPU.ActiveCfg = Debug|Any CPU
		{A1000000-0000-0000-0000-000000000005}.Debug|Any CPU.Build.0 = Debug|Any CPU
		{A1000000-0000-0000-0000-000000000005}.Release|Any CPU.ActiveCfg = Release|Any CPU
		{A1000000-0000-0000-0000-000000000005}.Release|Any CPU.Build.0 = Release|Any CPU
		{A1000000-0000-0000-0000-000000000006}.Debug|Any CPU.ActiveCfg = Debug|Any CPU
		{A1000000-0000-0000-0000-000000000006}.Debug|Any CPU.Build.0 = Debug|Any CPU
		{A1000000-0000-0000-0000-000000000006}.Release|Any CPU.ActiveCfg = Release|Any CPU
		{A1000000-0000-0000-0000-000000000006}.Release|Any CPU.Build.0 = Release|Any CPU
		{A1000000-0000-0000-0000-000000000007}.Debug|Any CPU.ActiveCfg = Debug|Any CPU
		{A1000000-0000-0000-0000-000000000007}.Debug|Any CPU.Build.0 = Debug|Any CPU
		{A1000000-0000-0000-0000-000000000007}.Release|Any CPU.ActiveCfg = Release|Any CPU
		{A1000000-0000-0000-0000-000000000007}.Release|Any CPU.Build.0 = Release|Any CPU
		{A1000000-0000-0000-0000-000000000008}.Debug|Any CPU.ActiveCfg = Debug|Any CPU
		{A1000000-0000-0000-0000-000000000008}.Debug|Any CPU.Build.0 = Debug|Any CPU
		{A1000000-0000-0000-0000-000000000008}.Release|Any CPU.ActiveCfg = Release|Any CPU
		{A1000000-0000-0000-0000-000000000008}.Release|Any CPU.Build.0 = Release|Any CPU
		{A1000000-0000-0000-0000-000000000009}.Debug|Any CPU.ActiveCfg = Debug|Any CPU
		{A1000000-0000-0000-0000-000000000009}.Debug|Any CPU.Build.0 = Debug|Any CPU
		{A1000000-0000-0000-0000-000000000009}.Release|Any CPU.ActiveCfg = Release|Any CPU
		{A1000000-0000-0000-0000-000000000009}.Release|Any CPU.Build.0 = Release|Any CPU
		{A1000000-0000-0000-0000-00000000000A}.Debug|Any CPU.ActiveCfg = Debug|Any CPU
		{A1000000-0000-0000-0000-00000000000A}.Debug|Any CPU.Build.0 = Debug|Any CPU
		{A1000000-0000-0000-0000-00000000000A}.Release|Any CPU.ActiveCfg = Release|Any CPU
		{A1000000-0000-0000-0000-00000000000A}.Release|Any CPU.Build.0 = Release|Any CPU
	EndGlobalSection
	GlobalSection(SolutionProperties) = preSolution
		HideSolutionNode = FALSE
	EndGlobalSection
EndGlobal
